
Microsoft Visual Studio Solution File, Format Version 12.00
# Visual Studio Version 16
VisualStudioVersion = 16.0.30204.135
MinimumVisualStudioVersion = 10.0.40219.1
Project("{9A19103F-16F7-4668-BE54-9A1E7A4F7556}") = "BookListRazor", "BookListRazor\BookListRazor.csproj", "{A48A3353-7D76-443F-9D91-6C1B9E167A02}"
EndProject
Global
	GlobalSection(SolutionConfigurationPlatforms) = preSolution
		Debug|Any CPU = Debug|Any CPU
		Release|Any CPU = Release|Any CPU
	EndGlobalSection
	GlobalSection(ProjectConfigurationPlatforms) = postSolution
		{A48A3353-7D76-443F-9D91-6C1B9E167A02}.Debug|Any CPU.ActiveCfg = Debug|Any CPU
		{A48A3353-7D76-443F-9D91-6C1B9E167A02}.Debug|Any CPU.Build.0 = Debug|Any CPU
		{A48A3353-7D76-443F-9D91-6C1B9E167A02}.Release|Any CPU.ActiveCfg = Release|Any CPU
		{A48A3353-7D76-443F-9D91-6C1B9E167A02}.Release|Any CPU.Build.0 = Release|Any CPU
	EndGlobalSection
	GlobalSection(SolutionProperties) = preSolution
		HideSolutionNode = FALSE
	EndGlobalSection
	GlobalSection(ExtensibilityGlobals) = postSolution
		SolutionGuid = {95942623-8888-4A1E-BF31-17BEEF994819}
	EndGlobalSection
EndGlobal
